// !$*UTF8*$!
{
	archiveVersion = 1;
	classes = {
	};
	objectVersion = 56;
	objects = {

/* Begin PBXBuildFile section */
		740F16032B61EAE500FCFB69 /* TextView.swift in Sources */ = {isa = PBXBuildFile; fileRef = 740F16022B61EAE500FCFB69 /* TextView.swift */; };
		742AACF52B2298B40000F387 /* RowButtonsView.swift in Sources */ = {isa = PBXBuildFile; fileRef = 742AACF42B2298B40000F387 /* RowButtonsView.swift */; };
		742AACF72B2298FA0000F387 /* ButtonView.swift in Sources */ = {isa = PBXBuildFile; fileRef = 742AACF62B2298FA0000F387 /* ButtonView.swift */; };
		74B5A5592B21669B0048A04D /* calculatorApp.swift in Sources */ = {isa = PBXBuildFile; fileRef = 74B5A5582B21669B0048A04D /* calculatorApp.swift */; };
		74B5A55B2B21669B0048A04D /* ContentView.swift in Sources */ = {isa = PBXBuildFile; fileRef = 74B5A55A2B21669B0048A04D /* ContentView.swift */; };
		74B5A55D2B21669D0048A04D /* Assets.xcassets in Resources */ = {isa = PBXBuildFile; fileRef = 74B5A55C2B21669D0048A04D /* Assets.xcassets */; };
		74B5A5602B21669D0048A04D /* Preview Assets.xcassets in Resources */ = {isa = PBXBuildFile; fileRef = 74B5A55F2B21669D0048A04D /* Preview Assets.xcassets */; };
		74B5A56A2B21669D0048A04D /* calculatorTests.swift in Sources */ = {isa = PBXBuildFile; fileRef = 74B5A5692B21669D0048A04D /* calculatorTests.swift */; };
		74B5A5742B21669D0048A04D /* calculatorUITests.swift in Sources */ = {isa = PBXBuildFile; fileRef = 74B5A5732B21669D0048A04D /* calculatorUITests.swift */; };
		74B5A5762B21669D0048A04D /* calculatorUITestsLaunchTests.swift in Sources */ = {isa = PBXBuildFile; fileRef = 74B5A5752B21669D0048A04D /* calculatorUITestsLaunchTests.swift */; };
/* End PBXBuildFile section */

/* Begin PBXContainerItemProxy section */
		74B5A5662B21669D0048A04D /* PBXContainerItemProxy */ = {
			isa = PBXContainerItemProxy;
			containerPortal = 74B5A54D2B21669B0048A04D /* Project object */;
			proxyType = 1;
			remoteGlobalIDString = 74B5A5542B21669B0048A04D;
			remoteInfo = calculator;
		};
		74B5A5702B21669D0048A04D /* PBXContainerItemProxy */ = {
			isa = PBXContainerItemProxy;
			containerPortal = 74B5A54D2B21669B0048A04D /* Project object */;
			proxyType = 1;
			remoteGlobalIDString = 74B5A5542B21669B0048A04D;
			remoteInfo = calculator;
		};
/* End PBXContainerItemProxy section */

/* Begin PBXFileReference section */
		740F16022B61EAE500FCFB69 /* TextView.swift */ = {isa = PBXFileReference; lastKnownFileType = sourcecode.swift; path = TextView.swift; sourceTree = "<group>"; };
		742AACF42B2298B40000F387 /* RowButtonsView.swift */ = {isa = PBXFileReference; lastKnownFileType = sourcecode.swift; path = RowButtonsView.swift; sourceTree = "<group>"; };
		742AACF62B2298FA0000F387 /* ButtonView.swift */ = {isa = PBXFileReference; lastKnownFileType = sourcecode.swift; path = ButtonView.swift; sourceTree = "<group>"; };
		74B5A5552B21669B0048A04D /* calculator.app */ = {isa = PBXFileReference; explicitFileType = wrapper.application; includeInIndex = 0; path = calculator.app; sourceTree = BUILT_PRODUCTS_DIR; };
		74B5A5582B21669B0048A04D /* calculatorApp.swift */ = {isa = PBXFileReference; lastKnownFileType = sourcecode.swift; path = calculatorApp.swift; sourceTree = "<group>"; };
		74B5A55A2B21669B0048A04D /* ContentView.swift */ = {isa = PBXFileReference; lastKnownFileType = sourcecode.swift; path = ContentView.swift; sourceTree = "<group>"; };
		74B5A55C2B21669D0048A04D /* Assets.xcassets */ = {isa = PBXFileReference; lastKnownFileType = folder.assetcatalog; path = Assets.xcassets; sourceTree = "<group>"; };
		74B5A55F2B21669D0048A04D /* Preview Assets.xcassets */ = {isa = PBXFileReference; lastKnownFileType = folder.assetcatalog; path = "Preview Assets.xcassets"; sourceTree = "<group>"; };
		74B5A5652B21669D0048A04D /* calculatorTests.xctest */ = {isa = PBXFileReference; explicitFileType = wrapper.cfbundle; includeInIndex = 0; path = calculatorTests.xctest; sourceTree = BUILT_PRODUCTS_DIR; };
		74B5A5692B21669D0048A04D /* calculatorTests.swift */ = {isa = PBXFileReference; lastKnownFileType = sourcecode.swift; path = calculatorTests.swift; sourceTree = "<group>"; };
		74B5A56F2B21669D0048A04D /* calculatorUITests.xctest */ = {isa = PBXFileReference; explicitFileType = wrapper.cfbundle; includeInIndex = 0; path = calculatorUITests.xctest; sourceTree = BUILT_PRODUCTS_DIR; };
		74B5A5732B21669D0048A04D /* calculatorUITests.swift */ = {isa = PBXFileReference; lastKnownFileType = sourcecode.swift; path = calculatorUITests.swift; sourceTree = "<group>"; };
		74B5A5752B21669D0048A04D /* calculatorUITestsLaunchTests.swift */ = {isa = PBXFileReference; lastKnownFileType = sourcecode.swift; path = calculatorUITestsLaunchTests.swift; sourceTree = "<group>"; };
/* End PBXFileReference section */

/* Begin PBXFrameworksBuildPhase section */
		74B5A5522B21669B0048A04D /* Frameworks */ = {
			isa = PBXFrameworksBuildPhase;
			buildActionMask = 2147483647;
			files = (
			);
			runOnlyForDeploymentPostprocessing = 0;
		};
		74B5A5622B21669D0048A04D /* Frameworks */ = {
			isa = PBXFrameworksBuildPhase;
			buildActionMask = 2147483647;
			files = (
			);
			runOnlyForDeploymentPostprocessing = 0;
		};
		74B5A56C2B21669D0048A04D /* Frameworks */ = {
			isa = PBXFrameworksBuildPhase;
			buildActionMask = 2147483647;
			files = (
			);
			runOnlyForDeploymentPostprocessing = 0;
		};
/* End PBXFrameworksBuildPhase section */

/* Begin PBXGroup section */
		74B5A54C2B21669B0048A04D = {
			isa = PBXGroup;
			children = (
				74B5A5572B21669B0048A04D /* calculator */,
				74B5A5682B21669D0048A04D /* calculatorTests */,
				74B5A5722B21669D0048A04D /* calculatorUITests */,
				74B5A5562B21669B0048A04D /* Products */,
			);
			sourceTree = "<group>";
		};
		74B5A5562B21669B0048A04D /* Products */ = {
			isa = PBXGroup;
			children = (
				74B5A5552B21669B0048A04D /* calculator.app */,
				74B5A5652B21669D0048A04D /* calculatorTests.xctest */,
				74B5A56F2B21669D0048A04D /* calculatorUITests.xctest */,
			);
			name = Products;
			sourceTree = "<group>";
		};
		74B5A5572B21669B0048A04D /* calculator */ = {
			isa = PBXGroup;
			children = (
				74B5A5582B21669B0048A04D /* calculatorApp.swift */,
				74B5A55A2B21669B0048A04D /* ContentView.swift */,
				742AACF42B2298B40000F387 /* RowButtonsView.swift */,
				740F16022B61EAE500FCFB69 /* TextView.swift */,
				742AACF62B2298FA0000F387 /* ButtonView.swift */,
				74B5A55C2B21669D0048A04D /* Assets.xcassets */,
				74B5A55E2B21669D0048A04D /* Preview Content */,
			);
			path = calculator;
			sourceTree = "<group>";
		};
		74B5A55E2B21669D0048A04D /* Preview Content */ = {
			isa = PBXGroup;
			children = (
				74B5A55F2B21669D0048A04D /* Preview Assets.xcassets */,
			);
			path = "Preview Content";
			sourceTree = "<group>";
		};
		74B5A5682B21669D0048A04D /* calculatorTests */ = {
			isa = PBXGroup;
			children = (
				74B5A5692B21669D0048A04D /* calculatorTests.swift */,
			);
			path = calculatorTests;
			sourceTree = "<group>";
		};
		74B5A5722B21669D0048A04D /* calculatorUITests */ = {
			isa = PBXGroup;
			children = (
				74B5A5732B21669D0048A04D /* calculatorUITests.swift */,
				74B5A5752B21669D0048A04D /* calculatorUITestsLaunchTests.swift */,
			);
			path = calculatorUITests;
			sourceTree = "<group>";
		};
/* End PBXGroup section */

/* Begin PBXNativeTarget section */
		74B5A5542B21669B0048A04D /* calculator */ = {
			isa = PBXNativeTarget;
			buildConfigurationList = 74B5A5792B21669D0048A04D /* Build configuration list for PBXNativeTarget "calculator" */;
			buildPhases = (
				74B5A5512B21669B0048A04D /* Sources */,
				74B5A5522B21669B0048A04D /* Frameworks */,
				74B5A5532B21669B0048A04D /* Resources */,
			);
			buildRules = (
			);
			dependencies = (
			);
			name = calculator;
			productName = calculator;
			productReference = 74B5A5552B21669B0048A04D /* calculator.app */;
			productType = "com.apple.product-type.application";
		};
		74B5A5642B21669D0048A04D /* calculatorTests */ = {
			isa = PBXNativeTarget;
			buildConfigurationList = 74B5A57C2B21669D0048A04D /* Build configuration list for PBXNativeTarget "calculatorTests" */;
			buildPhases = (
				74B5A5612B21669D0048A04D /* Sources */,
				74B5A5622B21669D0048A04D /* Frameworks */,
				74B5A5632B21669D0048A04D /* Resources */,
			);
			buildRules = (
			);
			dependencies = (
				74B5A5672B21669D0048A04D /* PBXTargetDependency */,
			);
			name = calculatorTests;
			productName = calculatorTests;
			productReference = 74B5A5652B21669D0048A04D /* calculatorTests.xctest */;
			productType = "com.apple.product-type.bundle.unit-test";
		};
		74B5A56E2B21669D0048A04D /* calculatorUITests */ = {
			isa = PBXNativeTarget;
			buildConfigurationList = 74B5A57F2B21669D0048A04D /* Build configuration list for PBXNativeTarget "calculatorUITests" */;
			buildPhases = (
				74B5A56B2B21669D0048A04D /* Sources */,
				74B5A56C2B21669D0048A04D /* Frameworks */,
				74B5A56D2B21669D0048A04D /* Resources */,
			);
			buildRules = (
			);
			dependencies = (
				74B5A5712B21669D0048A04D /* PBXTargetDependency */,
			);
			name = calculatorUITests;
			productName = calculatorUITests;
			productReference = 74B5A56F2B21669D0048A04D /* calculatorUITests.xctest */;
			productType = "com.apple.product-type.bundle.ui-testing";
		};
/* End PBXNativeTarget section */

/* Begin PBXProject section */
		74B5A54D2B21669B0048A04D /* Project object */ = {
			isa = PBXProject;
			attributes = {
				BuildIndependentTargetsInParallel = 1;
				LastSwiftUpdateCheck = 1430;
				LastUpgradeCheck = 1430;
				TargetAttributes = {
					74B5A5542B21669B0048A04D = {
						CreatedOnToolsVersion = 14.3.1;
					};
					74B5A5642B21669D0048A04D = {
						CreatedOnToolsVersion = 14.3.1;
						TestTargetID = 74B5A5542B21669B0048A04D;
					};
					74B5A56E2B21669D0048A04D = {
						CreatedOnToolsVersion = 14.3.1;
						TestTargetID = 74B5A5542B21669B0048A04D;
					};
				};
			};
			buildConfigurationList = 74B5A5502B21669B0048A04D /* Build configuration list for PBXProject "calculator" */;
			compatibilityVersion = "Xcode 14.0";
			developmentRegion = en;
			hasScannedForEncodings = 0;
			knownRegions = (
				en,
				Base,
			);
			mainGroup = 74B5A54C2B21669B0048A04D;
			productRefGroup = 74B5A5562B21669B0048A04D /* Products */;
			projectDirPath = "";
			projectRoot = "";
			targets = (
				74B5A5542B21669B0048A04D /* calculator */,
				74B5A5642B21669D0048A04D /* calculatorTests */,
				74B5A56E2B21669D0048A04D /* calculatorUITests */,
			);
		};
/* End PBXProject section */

/* Begin PBXResourcesBuildPhase section */
		74B5A5532B21669B0048A04D /* Resources */ = {
			isa = PBXResourcesBuildPhase;
			buildActionMask = 2147483647;
			files = (
				74B5A5602B21669D0048A04D /* Preview Assets.xcassets in Resources */,
				74B5A55D2B21669D0048A04D /* Assets.xcassets in Resources */,
			);
			runOnlyForDeploymentPostprocessing = 0;
		};
		74B5A5632B21669D0048A04D /* Resources */ = {
			isa = PBXResourcesBuildPhase;
			buildActionMask = 2147483647;
			files = (
			);
			runOnlyForDeploymentPostprocessing = 0;
		};
		74B5A56D2B21669D0048A04D /* Resources */ = {
			isa = PBXResourcesBuildPhase;
			buildActionMask = 2147483647;
			files = (
			);
			runOnlyForDeploymentPostprocessing = 0;
		};
/* End PBXResourcesBuildPhase section */

/* Begin PBXSourcesBuildPhase section */
		74B5A5512B21669B0048A04D /* Sources */ = {
			isa = PBXSourcesBuildPhase;
			buildActionMask = 2147483647;
			files = (
				74B5A55B2B21669B0048A04D /* ContentView.swift in Sources */,
				742AACF52B2298B40000F387 /* RowButtonsView.swift in Sources */,
				742AACF72B2298FA0000F387 /* ButtonView.swift in Sources */,
				74B5A5592B21669B0048A04D /* calculatorApp.swift in Sources */,
				740F16032B61EAE500FCFB69 /* TextView.swift in Sources */,
			);
			runOnlyForDeploymentPostprocessing = 0;
		};
		74B5A5612B21669D0048A04D /* Sources */ = {
			isa = PBXSourcesBuildPhase;
			buildActionMask = 2147483647;
			files = (
				74B5A56A2B21669D0048A04D /* calculatorTests.swift in Sources */,
			);
			runOnlyForDeploymentPostprocessing = 0;
		};
		74B5A56B2B21669D0048A04D /* Sources */ = {
			isa = PBXSourcesBuildPhase;
			buildActionMask = 2147483647;
			files = (
				74B5A5762B21669D0048A04D /* calculatorUITestsLaunchTests.swift in Sources */,
				74B5A5742B21669D0048A04D /* calculatorUITests.swift in Sources */,
			);
			runOnlyForDeploymentPostprocessing = 0;
		};
/* End PBXSourcesBuildPhase section */

/* Begin PBXTargetDependency section */
		74B5A5672B21669D0048A04D /* PBXTargetDependency */ = {
			isa = PBXTargetDependency;
			target = 74B5A5542B21669B0048A04D /* calculator */;
			targetProxy = 74B5A5662B21669D0048A04D /* PBXContainerItemProxy */;
		};
		74B5A5712B21669D0048A04D /* PBXTargetDependency */ = {
			isa = PBXTargetDependency;
			target = 74B5A5542B21669B0048A04D /* calculator */;
			targetProxy = 74B5A5702B21669D0048A04D /* PBXContainerItemProxy */;
		};
/* End PBXTargetDependency section */

/* Begin XCBuildConfiguration section */
		74B5A5772B21669D0048A04D /* Debug */ = {
			isa = XCBuildConfiguration;
			buildSettings = {
				ALWAYS_SEARCH_USER_PATHS = NO;
				CLANG_ANALYZER_NONNULL = YES;
				CLANG_ANALYZER_NUMBER_OBJECT_CONVERSION = YES_AGGRESSIVE;
				CLANG_CXX_LANGUAGE_STANDARD = "gnu++20";
				CLANG_ENABLE_MODULES = YES;
				CLANG_ENABLE_OBJC_ARC = YES;
				CLANG_ENABLE_OBJC_WEAK = YES;
				CLANG_WARN_BLOCK_CAPTURE_AUTORELEASING = YES;
				CLANG_WARN_BOOL_CONVERSION = YES;
				CLANG_WARN_COMMA = YES;
				CLANG_WARN_CONSTANT_CONVERSION = YES;
				CLANG_WARN_DEPRECATED_OBJC_IMPLEMENTATIONS = YES;
				CLANG_WARN_DIRECT_OBJC_ISA_USAGE = YES_ERROR;
				CLANG_WARN_DOCUMENTATION_COMMENTS = YES;
				CLANG_WARN_EMPTY_BODY = YES;
				CLANG_WARN_ENUM_CONVERSION = YES;
				CLANG_WARN_INFINITE_RECURSION = YES;
				CLANG_WARN_INT_CONVERSION = YES;
				CLANG_WARN_NON_LITERAL_NULL_CONVERSION = YES;
				CLANG_WARN_OBJC_IMPLICIT_RETAIN_SELF = YES;
				CLANG_WARN_OBJC_LITERAL_CONVERSION = YES;
				CLANG_WARN_OBJC_ROOT_CLASS = YES_ERROR;
				CLANG_WARN_QUOTED_INCLUDE_IN_FRAMEWORK_HEADER = YES;
				CLANG_WARN_RANGE_LOOP_ANALYSIS = YES;
				CLANG_WARN_STRICT_PROTOTYPES = YES;
				CLANG_WARN_SUSPICIOUS_MOVE = YES;
				CLANG_WARN_UNGUARDED_AVAILABILITY = YES_AGGRESSIVE;
				CLANG_WARN_UNREACHABLE_CODE = YES;
				CLANG_WARN__DUPLICATE_METHOD_MATCH = YES;
				COPY_PHASE_STRIP = NO;
				DEBUG_INFORMATION_FORMAT = dwarf;
				ENABLE_STRICT_OBJC_MSGSEND = YES;
				ENABLE_TESTABILITY = YES;
				GCC_C_LANGUAGE_STANDARD = gnu11;
				GCC_DYNAMIC_NO_PIC = NO;
				GCC_NO_COMMON_BLOCKS = YES;
				GCC_OPTIMIZATION_LEVEL = 0;
				GCC_PREPROCESSOR_DEFINITIONS = (
					"DEBUG=1",
					"$(inherited)",
				);
				GCC_WARN_64_TO_32_BIT_CONVERSION = YES;
				GCC_WARN_ABOUT_RETURN_TYPE = YES_ERROR;
				GCC_WARN_UNDECLARED_SELECTOR = YES;
				GCC_WARN_UNINITIALIZED_AUTOS = YES_AGGRESSIVE;
				GCC_WARN_UNUSED_FUNCTION = YES;
				GCC_WARN_UNUSED_VARIABLE = YES;
				IPHONEOS_DEPLOYMENT_TARGET = 16.4;
				MTL_ENABLE_DEBUG_INFO = INCLUDE_SOURCE;
				MTL_FAST_MATH = YES;
				ONLY_ACTIVE_ARCH = YES;
				SDKROOT = iphoneos;
				SWIFT_ACTIVE_COMPILATION_CONDITIONS = DEBUG;
				SWIFT_OPTIMIZATION_LEVEL = "-Onone";
			};
			name = Debug;
		};
		74B5A5782B21669D0048A04D /* Release */ = {
			isa = XCBuildConfiguration;
			buildSettings = {
				ALWAYS_SEARCH_USER_PATHS = NO;
				CLANG_ANALYZER_NONNULL = YES;
				CLANG_ANALYZER_NUMBER_OBJECT_CONVERSION = YES_AGGRESSIVE;
				CLANG_CXX_LANGUAGE_STANDARD = "gnu++20";
				CLANG_ENABLE_MODULES = YES;
				CLANG_ENABLE_OBJC_ARC = YES;
				CLANG_ENABLE_OBJC_WEAK = YES;
				CLANG_WARN_BLOCK_CAPTURE_AUTORELEASING = YES;
				CLANG_WARN_BOOL_CONVERSION = YES;
				CLANG_WARN_COMMA = YES;
				CLANG_WARN_CONSTANT_CONVERSION = YES;
				CLANG_WARN_DEPRECATED_OBJC_IMPLEMENTATIONS = YES;
				CLANG_WARN_DIRECT_OBJC_ISA_USAGE = YES_ERROR;
				CLANG_WARN_DOCUMENTATION_COMMENTS = YES;
				CLANG_WARN_EMPTY_BODY = YES;
				CLANG_WARN_ENUM_CONVERSION = YES;
				CLANG_WARN_INFINITE_RECURSION = YES;
				CLANG_WARN_INT_CONVERSION = YES;
				CLANG_WARN_NON_LITERAL_NULL_CONVERSION = YES;
				CLANG_WARN_OBJC_IMPLICIT_RETAIN_SELF = YES;
				CLANG_WARN_OBJC_LITERAL_CONVERSION = YES;
				CLANG_WARN_OBJC_ROOT_CLASS = YES_ERROR;
				CLANG_WARN_QUOTED_INCLUDE_IN_FRAMEWORK_HEADER = YES;
				CLANG_WARN_RANGE_LOOP_ANALYSIS = YES;
				CLANG_WARN_STRICT_PROTOTYPES = YES;
				CLANG_WARN_SUSPICIOUS_MOVE = YES;
				CLANG_WARN_UNGUARDED_AVAILABILITY = YES_AGGRESSIVE;
				CLANG_WARN_UNREACHABLE_CODE = YES;
				CLANG_WARN__DUPLICATE_METHOD_MATCH = YES;
				COPY_PHASE_STRIP = NO;
				DEBUG_INFORMATION_FORMAT = "dwarf-with-dsym";
				ENABLE_NS_ASSERTIONS = NO;
				ENABLE_STRICT_OBJC_MSGSEND = YES;
				GCC_C_LANGUAGE_STANDARD = gnu11;
				GCC_NO_COMMON_BLOCKS = YES;
				GCC_WARN_64_TO_32_BIT_CONVERSION = YES;
				GCC_WARN_ABOUT_RETURN_TYPE = YES_ERROR;
				GCC_WARN_UNDECLARED_SELECTOR = YES;
				GCC_WARN_UNINITIALIZED_AUTOS = YES_AGGRESSIVE;
				GCC_WARN_UNUSED_FUNCTION = YES;
				GCC_WARN_UNUSED_VARIABLE = YES;
				IPHONEOS_DEPLOYMENT_TARGET = 16.4;
				MTL_ENABLE_DEBUG_INFO = NO;
				MTL_FAST_MATH = YES;
				SDKROOT = iphoneos;
				SWIFT_COMPILATION_MODE = wholemodule;
				SWIFT_OPTIMIZATION_LEVEL = "-O";
				VALIDATE_PRODUCT = YES;
			};
			name = Release;
		};
		74B5A57A2B21669D0048A04D /* Debug */ = {
			isa = XCBuildConfiguration;
			buildSettings = {
				ASSETCATALOG_COMPILER_APPICON_NAME = AppIcon;
				ASSETCATALOG_COMPILER_GLOBAL_ACCENT_COLOR_NAME = AccentColor;
				CODE_SIGN_STYLE = Automatic;
				CURRENT_PROJECT_VERSION = 1;
				DEVELOPMENT_ASSET_PATHS = "\"calculator/Preview Content\"";
				ENABLE_PREVIEWS = YES;
				GENERATE_INFOPLIST_FILE = YES;
				INFOPLIST_KEY_UIApplicationSceneManifest_Generation = YES;
				INFOPLIST_KEY_UIApplicationSupportsIndirectInputEvents = YES;
				INFOPLIST_KEY_UILaunchScreen_Generation = YES;
				INFOPLIST_KEY_UISupportedInterfaceOrientations_iPad = "UIInterfaceOrientationPortrait UIInterfaceOrientationPortraitUpsideDown UIInterfaceOrientationLandscapeLeft UIInterfaceOrientationLandscapeRight";
				INFOPLIST_KEY_UISupportedInterfaceOrientations_iPhone = "UIInterfaceOrientationPortrait UIInterfaceOrientationLandscapeLeft UIInterfaceOrientationLandscapeRight";
				LD_RUNPATH_SEARCH_PATHS = (
					"$(inherited)",
					"@executable_path/Frameworks",
				);
				MARKETING_VERSION = 1.0;
				PRODUCT_BUNDLE_IDENTIFIER = led.calculator;
				PRODUCT_NAME = "$(TARGET_NAME)";
				SWIFT_EMIT_LOC_STRINGS = YES;
				SWIFT_VERSION = 5.0;
				TARGETED_DEVICE_FAMILY = "1,2";
			};
			name = Debug;
		};
		74B5A57B2B21669D0048A04D /* Release */ = {
			isa = XCBuildConfiguration;
			buildSettings = {
				ASSETCATALOG_COMPILER_APPICON_NAME = AppIcon;
				ASSETCATALOG_COMPILER_GLOBAL_ACCENT_COLOR_NAME = AccentColor;
				CODE_SIGN_STYLE = Automatic;
				CURRENT_PROJECT_VERSION = 1;
				DEVELOPMENT_ASSET_PATHS = "\"calculator/Preview Content\"";
				ENABLE_PREVIEWS = YES;
				GENERATE_INFOPLIST_FILE = YES;
				INFOPLIST_KEY_UIApplicationSceneManifest_Generation = YES;
				INFOPLIST_KEY_UIApplicationSupportsIndirectInputEvents = YES;
				INFOPLIST_KEY_UILaunchScreen_Generation = YES;
				INFOPLIST_KEY_UISupportedInterfaceOrientations_iPad = "UIInterfaceOrientationPortrait UIInterfaceOrientationPortraitUpsideDown UIInterfaceOrientationLandscapeLeft UIInterfaceOrientationLandscapeRight";
				INFOPLIST_KEY_UISupportedInterfaceOrientations_iPhone = "UIInterfaceOrientationPortrait UIInterfaceOrientationLandscapeLeft UIInterfaceOrientationLandscapeRight";
				LD_RUNPATH_SEARCH_PATHS = (
					"$(inherited)",
					"@executable_path/Frameworks",
				);
				MARKETING_VERSION = 1.0;
				PRODUCT_BUNDLE_IDENTIFIER = led.calculator;
				PRODUCT_NAME = "$(TARGET_NAME)";
				SWIFT_EMIT_LOC_STRINGS = YES;
				SWIFT_VERSION = 5.0;
				TARGETED_DEVICE_FAMILY = "1,2";
			};
			name = Release;
		};
		74B5A57D2B21669D0048A04D /* Debug */ = {
			isa = XCBuildConfiguration;
			buildSettings = {
				ALWAYS_EMBED_SWIFT_STANDARD_LIBRARIES = YES;
				BUNDLE_LOADER = "$(TEST_HOST)";
				CODE_SIGN_STYLE = Automatic;
				CURRENT_PROJECT_VERSION = 1;
				GENERATE_INFOPLIST_FILE = YES;
				IPHONEOS_DEPLOYMENT_TARGET = 16.4;
				MARKETING_VERSION = 1.0;
				PRODUCT_BUNDLE_IDENTIFIER = led.calculatorTests;
				PRODUCT_NAME = "$(TARGET_NAME)";
				SWIFT_EMIT_LOC_STRINGS = NO;
				SWIFT_VERSION = 5.0;
				TARGETED_DEVICE_FAMILY = "1,2";
				TEST_HOST = "$(BUILT_PRODUCTS_DIR)/calculator.app/$(BUNDLE_EXECUTABLE_FOLDER_PATH)/calculator";
			};
			name = Debug;
		};
		74B5A57E2B21669D0048A04D /* Release */ = {
			isa = XCBuildConfiguration;
			buildSettings = {
				ALWAYS_EMBED_SWIFT_STANDARD_LIBRARIES = YES;
				BUNDLE_LOADER = "$(TEST_HOST)";
				CODE_SIGN_STYLE = Automatic;
				CURRENT_PROJECT_VERSION = 1;
				GENERATE_INFOPLIST_FILE = YES;
				IPHONEOS_DEPLOYMENT_TARGET = 16.4;
				MARKETING_VERSION = 1.0;
				PRODUCT_BUNDLE_IDENTIFIER = led.calculatorTests;
				PRODUCT_NAME = "$(TARGET_NAME)";
				SWIFT_EMIT_LOC_STRINGS = NO;
				SWIFT_VERSION = 5.0;
				TARGETED_DEVICE_FAMILY = "1,2";
				TEST_HOST = "$(BUILT_PRODUCTS_DIR)/calculator.app/$(BUNDLE_EXECUTABLE_FOLDER_PATH)/calculator";
			};
			name = Release;
		};
		74B5A5802B21669D0048A04D /* Debug */ = {
			isa = XCBuildConfiguration;
			buildSettings = {
				ALWAYS_EMBED_SWIFT_STANDARD_LIBRARIES = YES;
				CODE_SIGN_STYLE = Automatic;
				CURRENT_PROJECT_VERSION = 1;
				GENERATE_INFOPLIST_FILE = YES;
				MARKETING_VERSION = 1.0;
				PRODUCT_BUNDLE_IDENTIFIER = led.calculatorUITests;
				PRODUCT_NAME = "$(TARGET_NAME)";
				SWIFT_EMIT_LOC_STRINGS = NO;
				SWIFT_VERSION = 5.0;
				TARGETED_DEVICE_FAMILY = "1,2";
				TEST_TARGET_NAME = calculator;
			};
			name = Debug;
		};
		74B5A5812B21669D0048A04D /* Release */ = {
			isa = XCBuildConfiguration;
			buildSettings = {
				ALWAYS_EMBED_SWIFT_STANDARD_LIBRARIES = YES;
				CODE_SIGN_STYLE = Automatic;
				CURRENT_PROJECT_VERSION = 1;
				GENERATE_INFOPLIST_FILE = YES;
				MARKETING_VERSION = 1.0;
				PRODUCT_BUNDLE_IDENTIFIER = led.calculatorUITests;
				PRODUCT_NAME = "$(TARGET_NAME)";
				SWIFT_EMIT_LOC_STRINGS = NO;
				SWIFT_VERSION = 5.0;
				TARGETED_DEVICE_FAMILY = "1,2";
				TEST_TARGET_NAME = calculator;
			};
			name = Release;
		};
/* End XCBuildConfiguration section */

/* Begin XCConfigurationList section */
		74B5A5502B21669B0048A04D /* Build configuration list for PBXProject "calculator" */ = {
			isa = XCConfigurationList;
			buildConfigurations = (
				74B5A5772B21669D0048A04D /* Debug */,
				74B5A5782B21669D0048A04D /* Release */,
			);
			defaultConfigurationIsVisible = 0;
			defaultConfigurationName = Release;
		};
		74B5A5792B21669D0048A04D /* Build configuration list for PBXNativeTarget "calculator" */ = {
			isa = XCConfigurationList;
			buildConfigurations = (
				74B5A57A2B21669D0048A04D /* Debug */,
				74B5A57B2B21669D0048A04D /* Release */,
			);
			defaultConfigurationIsVisible = 0;
			defaultConfigurationName = Release;
		};
		74B5A57C2B21669D0048A04D /* Build configuration list for PBXNativeTarget "calculatorTests" */ = {
			isa = XCConfigurationList;
			buildConfigurations = (
				74B5A57D2B21669D0048A04D /* Debug */,
				74B5A57E2B21669D0048A04D /* Release */,
			);
			defaultConfigurationIsVisible = 0;
			defaultConfigurationName = Release;
		};
		74B5A57F2B21669D0048A04D /* Build configuration list for PBXNativeTarget "calculatorUITests" */ = {
			isa = XCConfigurationList;
			buildConfigurations = (
				74B5A5802B21669D0048A04D /* Debug */,
				74B5A5812B21669D0048A04D /* Release */,
			);
			defaultConfigurationIsVisible = 0;
			defaultConfigurationName = Release;
		};
/* End XCConfigurationList section */
	};
	rootObject = 74B5A54D2B21669B0048A04D /* Project object */;
}
